
Microsoft Visual Studio Solution File, Format Version 12.00
# Visual Studio Version 16
VisualStudioVersion = 16.0.31729.503
MinimumVisualStudioVersion = 10.0.40219.1
Project("{FAE04EC0-301F-11D3-BF4B-00C04F79EFBC}") = "TcpListener", "TcpListener\TcpListener.csproj", "{F007223A-51E5-4ACD-9944-C32D25A734BC}"
EndProject
Global
	GlobalSection(SolutionConfigurationPlatforms) = preSolution
		Debug|Any CPU = Debug|Any CPU
		Release|Any CPU = Release|Any CPU
	EndGlobalSection
	GlobalSection(ProjectConfigurationPlatforms) = postSolution
		{F007223A-51E5-4ACD-9944-C32D25A734BC}.Debug|Any CPU.ActiveCfg = Debug|Any CPU
		{F007223A-51E5-4ACD-9944-C32D25A734BC}.Debug|Any CPU.Build.0 = Debug|Any CPU
		{F007223A-51E5-4ACD-9944-C32D25A734BC}.Release|Any CPU.ActiveCfg = Release|Any CPU
		{F007223A-51E5-4ACD-9944-C32D25A734BC}.Release|Any CPU.Build.0 = Release|Any CPU
	EndGlobalSection
	GlobalSection(SolutionProperties) = preSolution
		HideSolutionNode = FALSE
	EndGlobalSection
	GlobalSection(ExtensibilityGlobals) = postSolution
		SolutionGuid = {3FF61365-DD93-4ADA-ABEB-101B0D2AC577}
	EndGlobalSection
EndGlobal
